
Microsoft Visual Studio Solution File, Format Version 12.00
# Visual Studio 15
VisualStudioVersion = 15.0.27130.2010
MinimumVisualStudioVersion = 10.0.40219.1
Project("{FAE04EC0-301F-11D3-BF4B-00C04F79EFBC}") = "ExcavationControl", "ExcavationControl\ExcavationControl.csproj", "{E305D212-B6D7-4D74-981E-4AF91E990EF2}"
EndProject
Project("{54435603-DBB4-11D2-8724-00A0C9A8B90C}") = "ExcavationControlSetup", "ExcavationControlSetup\ExcavationControlSetup.vdproj", "{D65A7E99-E07C-48C3-AC52-23B8DD99A463}"
EndProject
Global
	GlobalSection(SolutionConfigurationPlatforms) = preSolution
		Debug|Any CPU = Debug|Any CPU
		Release|Any CPU = Release|Any CPU
	EndGlobalSection
	GlobalSection(ProjectConfigurationPlatforms) = postSolution
		{E305D212-B6D7-4D74-981E-4AF91E990EF2}.Debug|Any CPU.ActiveCfg = Debug|Any CPU
		{E305D212-B6D7-4D74-981E-4AF91E990EF2}.Debug|Any CPU.Build.0 = Debug|Any CPU
		{E305D212-B6D7-4D74-981E-4AF91E990EF2}.Release|Any CPU.ActiveCfg = Release|Any CPU
		{E305D212-B6D7-4D74-981E-4AF91E990EF2}.Release|Any CPU.Build.0 = Release|Any CPU
		{D65A7E99-E07C-48C3-AC52-23B8DD99A463}.Debug|Any CPU.ActiveCfg = Debug
		{D65A7E99-E07C-48C3-AC52-23B8DD99A463}.Release|Any CPU.ActiveCfg = Release
	EndGlobalSection
	GlobalSection(SolutionProperties) = preSolution
		HideSolutionNode = FALSE
	EndGlobalSection
	GlobalSection(ExtensibilityGlobals) = postSolution
		SolutionGuid = {EE3FC1FF-5B5B-41A7-ADE5-C634D006D583}
	EndGlobalSection
EndGlobal
